
Microsoft Visual Studio Solution File, Format Version 12.00
# Visual Studio Version 17
VisualStudioVersion = 17.6.33829.357
MinimumVisualStudioVersion = 10.0.40219.1
Project("{9A19103F-16F7-4668-BE54-9A1E7A4F7556}") = "Autotech.Main", "Autotech.Main\Autotech.Main.csproj", "{27EAD1E4-FA24-4FBB-8D1A-2648015F71D2}"
EndProject
Project("{9A19103F-16F7-4668-BE54-9A1E7A4F7556}") = "Autotech.Core", "Autotech.Core\Autotech.Core.csproj", "{9857054E-4373-4F32-92EC-92C2CDF1FC5D}"
EndProject
Project("{9A19103F-16F7-4668-BE54-9A1E7A4F7556}") = "Autotech.Common", "Autotech.Common\Autotech.Common.csproj", "{60407CDF-F705-4191-900B-2E8ACBF8DB1F}"
EndProject
Project("{FAE04EC0-301F-11D3-BF4B-00C04F79EFBC}") = "Autotech.BusinessLayer", "Autotech.BusinessLayer\Autotech.BusinessLayer.csproj", "{7A07EDED-78E8-4719-8B9E-2C1E26B8AF31}"
EndProject
Global
	GlobalSection(SolutionConfigurationPlatforms) = preSolution
		Debug|Any CPU = Debug|Any CPU
		Release|Any CPU = Release|Any CPU
	EndGlobalSection
	GlobalSection(ProjectConfigurationPlatforms) = postSolution
		{27EAD1E4-FA24-4FBB-8D1A-2648015F71D2}.Debug|Any CPU.ActiveCfg = Debug|Any CPU
		{27EAD1E4-FA24-4FBB-8D1A-2648015F71D2}.Debug|Any CPU.Build.0 = Debug|Any CPU
		{27EAD1E4-FA24-4FBB-8D1A-2648015F71D2}.Release|Any CPU.ActiveCfg = Release|Any CPU
		{27EAD1E4-FA24-4FBB-8D1A-2648015F71D2}.Release|Any CPU.Build.0 = Release|Any CPU
		{9857054E-4373-4F32-92EC-92C2CDF1FC5D}.Debug|Any CPU.ActiveCfg = Debug|Any CPU
		{9857054E-4373-4F32-92EC-92C2CDF1FC5D}.Debug|Any CPU.Build.0 = Debug|Any CPU
		{9857054E-4373-4F32-92EC-92C2CDF1FC5D}.Release|Any CPU.ActiveCfg = Release|Any CPU
		{9857054E-4373-4F32-92EC-92C2CDF1FC5D}.Release|Any CPU.Build.0 = Release|Any CPU
		{60407CDF-F705-4191-900B-2E8ACBF8DB1F}.Debug|Any CPU.ActiveCfg = Debug|Any CPU
		{60407CDF-F705-4191-900B-2E8ACBF8DB1F}.Debug|Any CPU.Build.0 = Debug|Any CPU
		{60407CDF-F705-4191-900B-2E8ACBF8DB1F}.Release|Any CPU.ActiveCfg = Release|Any CPU
		{60407CDF-F705-4191-900B-2E8ACBF8DB1F}.Release|Any CPU.Build.0 = Release|Any CPU
		{7A07EDED-78E8-4719-8B9E-2C1E26B8AF31}.Debug|Any CPU.ActiveCfg = Debug|Any CPU
		{7A07EDED-78E8-4719-8B9E-2C1E26B8AF31}.Debug|Any CPU.Build.0 = Debug|Any CPU
		{7A07EDED-78E8-4719-8B9E-2C1E26B8AF31}.Release|Any CPU.ActiveCfg = Release|Any CPU
		{7A07EDED-78E8-4719-8B9E-2C1E26B8AF31}.Release|Any CPU.Build.0 = Release|Any CPU
	EndGlobalSection
	GlobalSection(SolutionProperties) = preSolution
		HideSolutionNode = FALSE
	EndGlobalSection
	GlobalSection(ExtensibilityGlobals) = postSolution
		SolutionGuid = {45DEFA34-45DE-44CB-A7D6-E2F8767298DF}
	EndGlobalSection
EndGlobal
